
Microsoft Visual Studio Solution File, Format Version 12.00
# Visual Studio 14
VisualStudioVersion = 14.0.25420.1
MinimumVisualStudioVersion = 10.0.40219.1
Project("{FAE04EC0-301F-11D3-BF4B-00C04F79EFBC}") = "Arrays", "Arrays\Arrays.csproj", "{1CB12CAD-62EA-4C34-972B-4512F9923544}"
EndProject
Project("{2150E333-8FDC-42A3-9474-1A3956D46DE8}") = "Module3", "Module3", "{F54E2532-1EF9-4D82-8186-D1A59A28F4A9}"
EndProject
Project("{FAE04EC0-301F-11D3-BF4B-00C04F79EFBC}") = "Arrays2", "Arrays2\Arrays2.csproj", "{9F2D8AFD-24EB-49E0-BED5-0D9FA0AE6040}"
EndProject
Project("{FAE04EC0-301F-11D3-BF4B-00C04F79EFBC}") = "Array3", "Array3\Array3.csproj", "{ECB70194-BE58-4535-A09B-E6249C16D6BD}"
EndProject
Project("{2150E333-8FDC-42A3-9474-1A3956D46DE8}") = "Module4", "Module4", "{66009E00-46E1-4E12-8EF6-ED7FB73C4EDA}"
EndProject
Project("{FAE04EC0-301F-11D3-BF4B-00C04F79EFBC}") = "ArraysType", "ArraysType\ArraysType.csproj", "{F2F34874-A030-4941-BC4B-3FBB657BDA25}"
EndProject
Project("{FAE04EC0-301F-11D3-BF4B-00C04F79EFBC}") = "ArrayType2", "ArrayType2\ArrayType2.csproj", "{4950743C-9C8C-46FF-8D11-5FDD615D0581}"
EndProject
Project("{FAE04EC0-301F-11D3-BF4B-00C04F79EFBC}") = "ArrayCopy", "ArrayCopyTo\ArrayCopy.csproj", "{2A48C509-BE41-48C4-8A5B-1CF731132605}"
EndProject
Project("{FAE04EC0-301F-11D3-BF4B-00C04F79EFBC}") = "ArrayRevere", "ArrayRevere\ArrayRevere.csproj", "{AAA4907E-E796-4AE7-9D30-A0A426ABFD11}"
EndProject
Project("{FAE04EC0-301F-11D3-BF4B-00C04F79EFBC}") = "ArraySorting", "ArraySorting\ArraySorting.csproj", "{7C833ED3-4855-496F-BC44-3990F3D2EDF4}"
EndProject
Project("{FAE04EC0-301F-11D3-BF4B-00C04F79EFBC}") = "FindElement", "FindElement\FindElement.csproj", "{A0888F3D-154A-4592-93CC-8F0D52731A5F}"
EndProject
Project("{FAE04EC0-301F-11D3-BF4B-00C04F79EFBC}") = "BinarySearch", "BinarySearch\BinarySearch.csproj", "{676E8FE2-25F7-4016-B799-F4869F7F558B}"
EndProject
Project("{2150E333-8FDC-42A3-9474-1A3956D46DE8}") = "Module5", "Module5", "{621F9951-6C78-4A46-8084-CBBEC1D3D7E3}"
EndProject
Project("{FAE04EC0-301F-11D3-BF4B-00C04F79EFBC}") = "EnumerateArray", "AnumerateArray\EnumerateArray.csproj", "{7F6A5B34-65AB-421E-8FE9-51E16F640353}"
EndProject
Project("{2150E333-8FDC-42A3-9474-1A3956D46DE8}") = "Module6", "Module6", "{A5ABECA6-E082-4D4C-B9EC-633E5D8B1ED8}"
EndProject
Project("{FAE04EC0-301F-11D3-BF4B-00C04F79EFBC}") = "AddToList", "AddToList\AddToList.csproj", "{44A453FB-5595-4926-85CC-F5C544049F7A}"
EndProject
Project("{FAE04EC0-301F-11D3-BF4B-00C04F79EFBC}") = "NonBlankStringList", "NonBlankStringList\NonBlankStringList.csproj", "{90863C49-E59D-4B5E-90E4-D033E01D5FB6}"
EndProject
Project("{FAE04EC0-301F-11D3-BF4B-00C04F79EFBC}") = "ObservableCollection", "ObservableCollection\ObservableCollection.csproj", "{67598259-9EAF-498E-9077-2D2459146510}"
EndProject
Project("{2150E333-8FDC-42A3-9474-1A3956D46DE8}") = "Module7", "Module7", "{D12A8913-E76B-430F-B4C9-1DC1A6335303}"
EndProject
Project("{FAE04EC0-301F-11D3-BF4B-00C04F79EFBC}") = "LinkedLists", "LinkedLists\LinkedLists.csproj", "{C5B203AF-AD37-4A46-B448-66C4254B6C97}"
EndProject
Project("{FAE04EC0-301F-11D3-BF4B-00C04F79EFBC}") = "StackT", "StackT\StackT.csproj", "{14577120-98AF-4112-BE1B-CF0BDA2BBD40}"
EndProject
Project("{FAE04EC0-301F-11D3-BF4B-00C04F79EFBC}") = "QueueT", "QueueT\QueueT.csproj", "{FD04CF28-945A-42C0-A39B-AB493E1B5D11}"
EndProject
Project("{FAE04EC0-301F-11D3-BF4B-00C04F79EFBC}") = "Dictionaries", "Dictionaries\Dictionaries.csproj", "{4EE543D8-5DF9-4FF7-8741-D3B8ED7A7300}"
EndProject
Project("{2150E333-8FDC-42A3-9474-1A3956D46DE8}") = "Module8", "Module8", "{0B752B2F-38E6-44BE-903A-2600A968A7A5}"
EndProject
Project("{FAE04EC0-301F-11D3-BF4B-00C04F79EFBC}") = "ReadOnlyDict", "ReadOnlyDict\ReadOnlyDict.csproj", "{91A0B495-3596-47FC-A7DC-64401FBF07FF}"
EndProject
Project("{FAE04EC0-301F-11D3-BF4B-00C04F79EFBC}") = "SortedList", "SortedList\SortedList.csproj", "{188F2ECB-D67A-4D51-89CC-304CE9208739}"
EndProject
Project("{FAE04EC0-301F-11D3-BF4B-00C04F79EFBC}") = "SortedDictionary", "SortedDictionary\SortedDictionary.csproj", "{2379D909-F02C-429F-8556-44285608B8F2}"
EndProject
Project("{FAE04EC0-301F-11D3-BF4B-00C04F79EFBC}") = "KeyedCollection", "KeyedCollection\KeyedCollection.csproj", "{8B3F2634-5108-43C6-88E9-6A56D0336165}"
EndProject
Project("{2150E333-8FDC-42A3-9474-1A3956D46DE8}") = "Module9", "Module9", "{AA1CAE94-326A-4FE4-BB12-9A6569E230BB}"
EndProject
Project("{FAE04EC0-301F-11D3-BF4B-00C04F79EFBC}") = "HashSetBasics", "HashSetBasics\HashSetBasics.csproj", "{2A9B9DE3-6063-449D-B145-E992076CA4F6}"
EndProject
Project("{FAE04EC0-301F-11D3-BF4B-00C04F79EFBC}") = "HashSetComparer", "HashSetComparer\HashSetComparer.csproj", "{217E4B7E-1FBA-4B68-9437-9646C24B5B6B}"
EndProject
Project("{FAE04EC0-301F-11D3-BF4B-00C04F79EFBC}") = "Intersect", "Intersect\Intersect.csproj", "{6B9CB282-4C74-4938-A979-A7BBB2812AF6}"
EndProject
Project("{FAE04EC0-301F-11D3-BF4B-00C04F79EFBC}") = "SetEquals", "SetEquals\SetEquals.csproj", "{D3B6EBEB-1ABA-47D2-BDA7-3D83E9C35951}"
EndProject
Project("{FAE04EC0-301F-11D3-BF4B-00C04F79EFBC}") = "SetComparison", "SetComparison\SetComparison.csproj", "{8D729C9B-1360-408C-91DE-39897EDE2B93}"
EndProject
Project("{FAE04EC0-301F-11D3-BF4B-00C04F79EFBC}") = "SortedSet", "SortedSet\SortedSet.csproj", "{38CE5DF0-C4E8-498B-84E6-85495EC6D67B}"
EndProject
Project("{2150E333-8FDC-42A3-9474-1A3956D46DE8}") = "Module10", "Module10", "{CF63298C-EDBC-441B-B953-06C44338AE59}"
EndProject
Project("{FAE04EC0-301F-11D3-BF4B-00C04F79EFBC}") = "EnumerateItems", "EnumerateItems\EnumerateItems.csproj", "{013AF520-FD38-469D-895D-A26D7F5DB991}"
EndProject
Project("{FAE04EC0-301F-11D3-BF4B-00C04F79EFBC}") = "EnumerateWhileChange", "EnumerateWhileChange\EnumerateWhileChange.csproj", "{C30EF729-3609-4F24-B37C-A90EF1C6A2D3}"
EndProject
Project("{FAE04EC0-301F-11D3-BF4B-00C04F79EFBC}") = "ImplementEnumerator", "ImplementEnumerator\ImplementEnumerator.csproj", "{A147961F-77CF-432A-8023-5EE4180C97FD}"
EndProject
Project("{FAE04EC0-301F-11D3-BF4B-00C04F79EFBC}") = "Covarience", "Covarience\Covarience.csproj", "{BFF8F171-8FAC-4AB7-8977-0A13E549392D}"
EndProject
Project("{2150E333-8FDC-42A3-9474-1A3956D46DE8}") = "Module11", "Module11", "{BCB9A888-897B-45E7-A67F-BFF9185949D9}"
EndProject
Project("{FAE04EC0-301F-11D3-BF4B-00C04F79EFBC}") = "MultiDimensionArray", "MultiDimensionArray\MultiDimensionArray.csproj", "{6C14A6C8-98A3-40C6-BFBB-2B353EA5AD20}"
EndProject
Project("{FAE04EC0-301F-11D3-BF4B-00C04F79EFBC}") = "JaggedArray", "JaggedArray\JaggedArray.csproj", "{58E02C6A-D389-47C4-9353-2986D8AEFE0E}"
EndProject
Global
	GlobalSection(SolutionConfigurationPlatforms) = preSolution
		Debug|Any CPU = Debug|Any CPU
		Release|Any CPU = Release|Any CPU
	EndGlobalSection
	GlobalSection(ProjectConfigurationPlatforms) = postSolution
		{1CB12CAD-62EA-4C34-972B-4512F9923544}.Debug|Any CPU.ActiveCfg = Debug|Any CPU
		{1CB12CAD-62EA-4C34-972B-4512F9923544}.Debug|Any CPU.Build.0 = Debug|Any CPU
		{1CB12CAD-62EA-4C34-972B-4512F9923544}.Release|Any CPU.ActiveCfg = Release|Any CPU
		{1CB12CAD-62EA-4C34-972B-4512F9923544}.Release|Any CPU.Build.0 = Release|Any CPU
		{9F2D8AFD-24EB-49E0-BED5-0D9FA0AE6040}.Debug|Any CPU.ActiveCfg = Debug|Any CPU
		{9F2D8AFD-24EB-49E0-BED5-0D9FA0AE6040}.Debug|Any CPU.Build.0 = Debug|Any CPU
		{9F2D8AFD-24EB-49E0-BED5-0D9FA0AE6040}.Release|Any CPU.ActiveCfg = Release|Any CPU
		{9F2D8AFD-24EB-49E0-BED5-0D9FA0AE6040}.Release|Any CPU.Build.0 = Release|Any CPU
		{ECB70194-BE58-4535-A09B-E6249C16D6BD}.Debug|Any CPU.ActiveCfg = Debug|Any CPU
		{ECB70194-BE58-4535-A09B-E6249C16D6BD}.Debug|Any CPU.Build.0 = Debug|Any CPU
		{ECB70194-BE58-4535-A09B-E6249C16D6BD}.Release|Any CPU.ActiveCfg = Release|Any CPU
		{ECB70194-BE58-4535-A09B-E6249C16D6BD}.Release|Any CPU.Build.0 = Release|Any CPU
		{F2F34874-A030-4941-BC4B-3FBB657BDA25}.Debug|Any CPU.ActiveCfg = Debug|Any CPU
		{F2F34874-A030-4941-BC4B-3FBB657BDA25}.Debug|Any CPU.Build.0 = Debug|Any CPU
		{F2F34874-A030-4941-BC4B-3FBB657BDA25}.Release|Any CPU.ActiveCfg = Release|Any CPU
		{F2F34874-A030-4941-BC4B-3FBB657BDA25}.Release|Any CPU.Build.0 = Release|Any CPU
		{4950743C-9C8C-46FF-8D11-5FDD615D0581}.Debug|Any CPU.ActiveCfg = Debug|Any CPU
		{4950743C-9C8C-46FF-8D11-5FDD615D0581}.Debug|Any CPU.Build.0 = Debug|Any CPU
		{4950743C-9C8C-46FF-8D11-5FDD615D0581}.Release|Any CPU.ActiveCfg = Release|Any CPU
		{4950743C-9C8C-46FF-8D11-5FDD615D0581}.Release|Any CPU.Build.0 = Release|Any CPU
		{2A48C509-BE41-48C4-8A5B-1CF731132605}.Debug|Any CPU.ActiveCfg = Debug|Any CPU
		{2A48C509-BE41-48C4-8A5B-1CF731132605}.Debug|Any CPU.Build.0 = Debug|Any CPU
		{2A48C509-BE41-48C4-8A5B-1CF731132605}.Release|Any CPU.ActiveCfg = Release|Any CPU
		{2A48C509-BE41-48C4-8A5B-1CF731132605}.Release|Any CPU.Build.0 = Release|Any CPU
		{AAA4907E-E796-4AE7-9D30-A0A426ABFD11}.Debug|Any CPU.ActiveCfg = Debug|Any CPU
		{AAA4907E-E796-4AE7-9D30-A0A426ABFD11}.Debug|Any CPU.Build.0 = Debug|Any CPU
		{AAA4907E-E796-4AE7-9D30-A0A426ABFD11}.Release|Any CPU.ActiveCfg = Release|Any CPU
		{AAA4907E-E796-4AE7-9D30-A0A426ABFD11}.Release|Any CPU.Build.0 = Release|Any CPU
		{7C833ED3-4855-496F-BC44-3990F3D2EDF4}.Debug|Any CPU.ActiveCfg = Debug|Any CPU
		{7C833ED3-4855-496F-BC44-3990F3D2EDF4}.Debug|Any CPU.Build.0 = Debug|Any CPU
		{7C833ED3-4855-496F-BC44-3990F3D2EDF4}.Release|Any CPU.ActiveCfg = Release|Any CPU
		{7C833ED3-4855-496F-BC44-3990F3D2EDF4}.Release|Any CPU.Build.0 = Release|Any CPU
		{A0888F3D-154A-4592-93CC-8F0D52731A5F}.Debug|Any CPU.ActiveCfg = Debug|Any CPU
		{A0888F3D-154A-4592-93CC-8F0D52731A5F}.Debug|Any CPU.Build.0 = Debug|Any CPU
		{A0888F3D-154A-4592-93CC-8F0D52731A5F}.Release|Any CPU.ActiveCfg = Release|Any CPU
		{A0888F3D-154A-4592-93CC-8F0D52731A5F}.Release|Any CPU.Build.0 = Release|Any CPU
		{676E8FE2-25F7-4016-B799-F4869F7F558B}.Debug|Any CPU.ActiveCfg = Debug|Any CPU
		{676E8FE2-25F7-4016-B799-F4869F7F558B}.Debug|Any CPU.Build.0 = Debug|Any CPU
		{676E8FE2-25F7-4016-B799-F4869F7F558B}.Release|Any CPU.ActiveCfg = Release|Any CPU
		{676E8FE2-25F7-4016-B799-F4869F7F558B}.Release|Any CPU.Build.0 = Release|Any CPU
		{7F6A5B34-65AB-421E-8FE9-51E16F640353}.Debug|Any CPU.ActiveCfg = Debug|Any CPU
		{7F6A5B34-65AB-421E-8FE9-51E16F640353}.Debug|Any CPU.Build.0 = Debug|Any CPU
		{7F6A5B34-65AB-421E-8FE9-51E16F640353}.Release|Any CPU.ActiveCfg = Release|Any CPU
		{7F6A5B34-65AB-421E-8FE9-51E16F640353}.Release|Any CPU.Build.0 = Release|Any CPU
		{44A453FB-5595-4926-85CC-F5C544049F7A}.Debug|Any CPU.ActiveCfg = Debug|Any CPU
		{44A453FB-5595-4926-85CC-F5C544049F7A}.Debug|Any CPU.Build.0 = Debug|Any CPU
		{44A453FB-5595-4926-85CC-F5C544049F7A}.Release|Any CPU.ActiveCfg = Release|Any CPU
		{44A453FB-5595-4926-85CC-F5C544049F7A}.Release|Any CPU.Build.0 = Release|Any CPU
		{90863C49-E59D-4B5E-90E4-D033E01D5FB6}.Debug|Any CPU.ActiveCfg = Debug|Any CPU
		{90863C49-E59D-4B5E-90E4-D033E01D5FB6}.Debug|Any CPU.Build.0 = Debug|Any CPU
		{90863C49-E59D-4B5E-90E4-D033E01D5FB6}.Release|Any CPU.ActiveCfg = Release|Any CPU
		{90863C49-E59D-4B5E-90E4-D033E01D5FB6}.Release|Any CPU.Build.0 = Release|Any CPU
		{67598259-9EAF-498E-9077-2D2459146510}.Debug|Any CPU.ActiveCfg = Debug|Any CPU
		{67598259-9EAF-498E-9077-2D2459146510}.Debug|Any CPU.Build.0 = Debug|Any CPU
		{67598259-9EAF-498E-9077-2D2459146510}.Release|Any CPU.ActiveCfg = Release|Any CPU
		{67598259-9EAF-498E-9077-2D2459146510}.Release|Any CPU.Build.0 = Release|Any CPU
		{C5B203AF-AD37-4A46-B448-66C4254B6C97}.Debug|Any CPU.ActiveCfg = Debug|Any CPU
		{C5B203AF-AD37-4A46-B448-66C4254B6C97}.Debug|Any CPU.Build.0 = Debug|Any CPU
		{C5B203AF-AD37-4A46-B448-66C4254B6C97}.Release|Any CPU.ActiveCfg = Release|Any CPU
		{C5B203AF-AD37-4A46-B448-66C4254B6C97}.Release|Any CPU.Build.0 = Release|Any CPU
		{14577120-98AF-4112-BE1B-CF0BDA2BBD40}.Debug|Any CPU.ActiveCfg = Debug|Any CPU
		{14577120-98AF-4112-BE1B-CF0BDA2BBD40}.Debug|Any CPU.Build.0 = Debug|Any CPU
		{14577120-98AF-4112-BE1B-CF0BDA2BBD40}.Release|Any CPU.ActiveCfg = Release|Any CPU
		{14577120-98AF-4112-BE1B-CF0BDA2BBD40}.Release|Any CPU.Build.0 = Release|Any CPU
		{FD04CF28-945A-42C0-A39B-AB493E1B5D11}.Debug|Any CPU.ActiveCfg = Debug|Any CPU
		{FD04CF28-945A-42C0-A39B-AB493E1B5D11}.Debug|Any CPU.Build.0 = Debug|Any CPU
		{FD04CF28-945A-42C0-A39B-AB493E1B5D11}.Release|Any CPU.ActiveCfg = Release|Any CPU
		{FD04CF28-945A-42C0-A39B-AB493E1B5D11}.Release|Any CPU.Build.0 = Release|Any CPU
		{4EE543D8-5DF9-4FF7-8741-D3B8ED7A7300}.Debug|Any CPU.ActiveCfg = Debug|Any CPU
		{4EE543D8-5DF9-4FF7-8741-D3B8ED7A7300}.Debug|Any CPU.Build.0 = Debug|Any CPU
		{4EE543D8-5DF9-4FF7-8741-D3B8ED7A7300}.Release|Any CPU.ActiveCfg = Release|Any CPU
		{4EE543D8-5DF9-4FF7-8741-D3B8ED7A7300}.Release|Any CPU.Build.0 = Release|Any CPU
		{91A0B495-3596-47FC-A7DC-64401FBF07FF}.Debug|Any CPU.ActiveCfg = Debug|Any CPU
		{91A0B495-3596-47FC-A7DC-64401FBF07FF}.Debug|Any CPU.Build.0 = Debug|Any CPU
		{91A0B495-3596-47FC-A7DC-64401FBF07FF}.Release|Any CPU.ActiveCfg = Release|Any CPU
		{91A0B495-3596-47FC-A7DC-64401FBF07FF}.Release|Any CPU.Build.0 = Release|Any CPU
		{188F2ECB-D67A-4D51-89CC-304CE9208739}.Debug|Any CPU.ActiveCfg = Debug|Any CPU
		{188F2ECB-D67A-4D51-89CC-304CE9208739}.Debug|Any CPU.Build.0 = Debug|Any CPU
		{188F2ECB-D67A-4D51-89CC-304CE9208739}.Release|Any CPU.ActiveCfg = Release|Any CPU
		{188F2ECB-D67A-4D51-89CC-304CE9208739}.Release|Any CPU.Build.0 = Release|Any CPU
		{2379D909-F02C-429F-8556-44285608B8F2}.Debug|Any CPU.ActiveCfg = Debug|Any CPU
		{2379D909-F02C-429F-8556-44285608B8F2}.Debug|Any CPU.Build.0 = Debug|Any CPU
		{2379D909-F02C-429F-8556-44285608B8F2}.Release|Any CPU.ActiveCfg = Release|Any CPU
		{2379D909-F02C-429F-8556-44285608B8F2}.Release|Any CPU.Build.0 = Release|Any CPU
		{8B3F2634-5108-43C6-88E9-6A56D0336165}.Debug|Any CPU.ActiveCfg = Debug|Any CPU
		{8B3F2634-5108-43C6-88E9-6A56D0336165}.Debug|Any CPU.Build.0 = Debug|Any CPU
		{8B3F2634-5108-43C6-88E9-6A56D0336165}.Release|Any CPU.ActiveCfg = Release|Any CPU
		{8B3F2634-5108-43C6-88E9-6A56D0336165}.Release|Any CPU.Build.0 = Release|Any CPU
		{2A9B9DE3-6063-449D-B145-E992076CA4F6}.Debug|Any CPU.ActiveCfg = Debug|Any CPU
		{2A9B9DE3-6063-449D-B145-E992076CA4F6}.Debug|Any CPU.Build.0 = Debug|Any CPU
		{2A9B9DE3-6063-449D-B145-E992076CA4F6}.Release|Any CPU.ActiveCfg = Release|Any CPU
		{2A9B9DE3-6063-449D-B145-E992076CA4F6}.Release|Any CPU.Build.0 = Release|Any CPU
		{217E4B7E-1FBA-4B68-9437-9646C24B5B6B}.Debug|Any CPU.ActiveCfg = Debug|Any CPU
		{217E4B7E-1FBA-4B68-9437-9646C24B5B6B}.Debug|Any CPU.Build.0 = Debug|Any CPU
		{217E4B7E-1FBA-4B68-9437-9646C24B5B6B}.Release|Any CPU.ActiveCfg = Release|Any CPU
		{217E4B7E-1FBA-4B68-9437-9646C24B5B6B}.Release|Any CPU.Build.0 = Release|Any CPU
		{6B9CB282-4C74-4938-A979-A7BBB2812AF6}.Debug|Any CPU.ActiveCfg = Debug|Any CPU
		{6B9CB282-4C74-4938-A979-A7BBB2812AF6}.Debug|Any CPU.Build.0 = Debug|Any CPU
		{6B9CB282-4C74-4938-A979-A7BBB2812AF6}.Release|Any CPU.ActiveCfg = Release|Any CPU
		{6B9CB282-4C74-4938-A979-A7BBB2812AF6}.Release|Any CPU.Build.0 = Release|Any CPU
		{D3B6EBEB-1ABA-47D2-BDA7-3D83E9C35951}.Debug|Any CPU.ActiveCfg = Debug|Any CPU
		{D3B6EBEB-1ABA-47D2-BDA7-3D83E9C35951}.Debug|Any CPU.Build.0 = Debug|Any CPU
		{D3B6EBEB-1ABA-47D2-BDA7-3D83E9C35951}.Release|Any CPU.ActiveCfg = Release|Any CPU
		{D3B6EBEB-1ABA-47D2-BDA7-3D83E9C35951}.Release|Any CPU.Build.0 = Release|Any CPU
		{8D729C9B-1360-408C-91DE-39897EDE2B93}.Debug|Any CPU.ActiveCfg = Debug|Any CPU
		{8D729C9B-1360-408C-91DE-39897EDE2B93}.Debug|Any CPU.Build.0 = Debug|Any CPU
		{8D729C9B-1360-408C-91DE-39897EDE2B93}.Release|Any CPU.ActiveCfg = Release|Any CPU
		{8D729C9B-1360-408C-91DE-39897EDE2B93}.Release|Any CPU.Build.0 = Release|Any CPU
		{38CE5DF0-C4E8-498B-84E6-85495EC6D67B}.Debug|Any CPU.ActiveCfg = Debug|Any CPU
		{38CE5DF0-C4E8-498B-84E6-85495EC6D67B}.Debug|Any CPU.Build.0 = Debug|Any CPU
		{38CE5DF0-C4E8-498B-84E6-85495EC6D67B}.Release|Any CPU.ActiveCfg = Release|Any CPU
		{38CE5DF0-C4E8-498B-84E6-85495EC6D67B}.Release|Any CPU.Build.0 = Release|Any CPU
		{013AF520-FD38-469D-895D-A26D7F5DB991}.Debug|Any CPU.ActiveCfg = Debug|Any CPU
		{013AF520-FD38-469D-895D-A26D7F5DB991}.Debug|Any CPU.Build.0 = Debug|Any CPU
		{013AF520-FD38-469D-895D-A26D7F5DB991}.Release|Any CPU.ActiveCfg = Release|Any CPU
		{013AF520-FD38-469D-895D-A26D7F5DB991}.Release|Any CPU.Build.0 = Release|Any CPU
		{C30EF729-3609-4F24-B37C-A90EF1C6A2D3}.Debug|Any CPU.ActiveCfg = Debug|Any CPU
		{C30EF729-3609-4F24-B37C-A90EF1C6A2D3}.Debug|Any CPU.Build.0 = Debug|Any CPU
		{C30EF729-3609-4F24-B37C-A90EF1C6A2D3}.Release|Any CPU.ActiveCfg = Release|Any CPU
		{C30EF729-3609-4F24-B37C-A90EF1C6A2D3}.Release|Any CPU.Build.0 = Release|Any CPU
		{A147961F-77CF-432A-8023-5EE4180C97FD}.Debug|Any CPU.ActiveCfg = Debug|Any CPU
		{A147961F-77CF-432A-8023-5EE4180C97FD}.Debug|Any CPU.Build.0 = Debug|Any CPU
		{A147961F-77CF-432A-8023-5EE4180C97FD}.Release|Any CPU.ActiveCfg = Release|Any CPU
		{A147961F-77CF-432A-8023-5EE4180C97FD}.Release|Any CPU.Build.0 = Release|Any CPU
		{BFF8F171-8FAC-4AB7-8977-0A13E549392D}.Debug|Any CPU.ActiveCfg = Debug|Any CPU
		{BFF8F171-8FAC-4AB7-8977-0A13E549392D}.Debug|Any CPU.Build.0 = Debug|Any CPU
		{BFF8F171-8FAC-4AB7-8977-0A13E549392D}.Release|Any CPU.ActiveCfg = Release|Any CPU
		{BFF8F171-8FAC-4AB7-8977-0A13E549392D}.Release|Any CPU.Build.0 = Release|Any CPU
		{6C14A6C8-98A3-40C6-BFBB-2B353EA5AD20}.Debug|Any CPU.ActiveCfg = Debug|Any CPU
		{6C14A6C8-98A3-40C6-BFBB-2B353EA5AD20}.Debug|Any CPU.Build.0 = Debug|Any CPU
		{6C14A6C8-98A3-40C6-BFBB-2B353EA5AD20}.Release|Any CPU.ActiveCfg = Release|Any CPU
		{6C14A6C8-98A3-40C6-BFBB-2B353EA5AD20}.Release|Any CPU.Build.0 = Release|Any CPU
		{58E02C6A-D389-47C4-9353-2986D8AEFE0E}.Debug|Any CPU.ActiveCfg = Debug|Any CPU
		{58E02C6A-D389-47C4-9353-2986D8AEFE0E}.Debug|Any CPU.Build.0 = Debug|Any CPU
		{58E02C6A-D389-47C4-9353-2986D8AEFE0E}.Release|Any CPU.ActiveCfg = Release|Any CPU
		{58E02C6A-D389-47C4-9353-2986D8AEFE0E}.Release|Any CPU.Build.0 = Release|Any CPU
	EndGlobalSection
	GlobalSection(SolutionProperties) = preSolution
		HideSolutionNode = FALSE
	EndGlobalSection
	GlobalSection(NestedProjects) = preSolution
		{1CB12CAD-62EA-4C34-972B-4512F9923544} = {F54E2532-1EF9-4D82-8186-D1A59A28F4A9}
		{9F2D8AFD-24EB-49E0-BED5-0D9FA0AE6040} = {F54E2532-1EF9-4D82-8186-D1A59A28F4A9}
		{ECB70194-BE58-4535-A09B-E6249C16D6BD} = {F54E2532-1EF9-4D82-8186-D1A59A28F4A9}
		{F2F34874-A030-4941-BC4B-3FBB657BDA25} = {66009E00-46E1-4E12-8EF6-ED7FB73C4EDA}
		{4950743C-9C8C-46FF-8D11-5FDD615D0581} = {66009E00-46E1-4E12-8EF6-ED7FB73C4EDA}
		{2A48C509-BE41-48C4-8A5B-1CF731132605} = {66009E00-46E1-4E12-8EF6-ED7FB73C4EDA}
		{AAA4907E-E796-4AE7-9D30-A0A426ABFD11} = {66009E00-46E1-4E12-8EF6-ED7FB73C4EDA}
		{7C833ED3-4855-496F-BC44-3990F3D2EDF4} = {66009E00-46E1-4E12-8EF6-ED7FB73C4EDA}
		{A0888F3D-154A-4592-93CC-8F0D52731A5F} = {66009E00-46E1-4E12-8EF6-ED7FB73C4EDA}
		{676E8FE2-25F7-4016-B799-F4869F7F558B} = {66009E00-46E1-4E12-8EF6-ED7FB73C4EDA}
		{7F6A5B34-65AB-421E-8FE9-51E16F640353} = {621F9951-6C78-4A46-8084-CBBEC1D3D7E3}
		{44A453FB-5595-4926-85CC-F5C544049F7A} = {A5ABECA6-E082-4D4C-B9EC-633E5D8B1ED8}
		{90863C49-E59D-4B5E-90E4-D033E01D5FB6} = {A5ABECA6-E082-4D4C-B9EC-633E5D8B1ED8}
		{67598259-9EAF-498E-9077-2D2459146510} = {A5ABECA6-E082-4D4C-B9EC-633E5D8B1ED8}
		{C5B203AF-AD37-4A46-B448-66C4254B6C97} = {D12A8913-E76B-430F-B4C9-1DC1A6335303}
		{14577120-98AF-4112-BE1B-CF0BDA2BBD40} = {D12A8913-E76B-430F-B4C9-1DC1A6335303}
		{FD04CF28-945A-42C0-A39B-AB493E1B5D11} = {D12A8913-E76B-430F-B4C9-1DC1A6335303}
		{4EE543D8-5DF9-4FF7-8741-D3B8ED7A7300} = {0B752B2F-38E6-44BE-903A-2600A968A7A5}
		{91A0B495-3596-47FC-A7DC-64401FBF07FF} = {0B752B2F-38E6-44BE-903A-2600A968A7A5}
		{188F2ECB-D67A-4D51-89CC-304CE9208739} = {0B752B2F-38E6-44BE-903A-2600A968A7A5}
		{2379D909-F02C-429F-8556-44285608B8F2} = {0B752B2F-38E6-44BE-903A-2600A968A7A5}
		{8B3F2634-5108-43C6-88E9-6A56D0336165} = {0B752B2F-38E6-44BE-903A-2600A968A7A5}
		{2A9B9DE3-6063-449D-B145-E992076CA4F6} = {AA1CAE94-326A-4FE4-BB12-9A6569E230BB}
		{217E4B7E-1FBA-4B68-9437-9646C24B5B6B} = {AA1CAE94-326A-4FE4-BB12-9A6569E230BB}
		{6B9CB282-4C74-4938-A979-A7BBB2812AF6} = {AA1CAE94-326A-4FE4-BB12-9A6569E230BB}
		{D3B6EBEB-1ABA-47D2-BDA7-3D83E9C35951} = {AA1CAE94-326A-4FE4-BB12-9A6569E230BB}
		{8D729C9B-1360-408C-91DE-39897EDE2B93} = {AA1CAE94-326A-4FE4-BB12-9A6569E230BB}
		{38CE5DF0-C4E8-498B-84E6-85495EC6D67B} = {AA1CAE94-326A-4FE4-BB12-9A6569E230BB}
		{013AF520-FD38-469D-895D-A26D7F5DB991} = {CF63298C-EDBC-441B-B953-06C44338AE59}
		{C30EF729-3609-4F24-B37C-A90EF1C6A2D3} = {CF63298C-EDBC-441B-B953-06C44338AE59}
		{A147961F-77CF-432A-8023-5EE4180C97FD} = {CF63298C-EDBC-441B-B953-06C44338AE59}
		{BFF8F171-8FAC-4AB7-8977-0A13E549392D} = {CF63298C-EDBC-441B-B953-06C44338AE59}
		{6C14A6C8-98A3-40C6-BFBB-2B353EA5AD20} = {BCB9A888-897B-45E7-A67F-BFF9185949D9}
		{58E02C6A-D389-47C4-9353-2986D8AEFE0E} = {BCB9A888-897B-45E7-A67F-BFF9185949D9}
	EndGlobalSection
EndGlobal
